// !$*UTF8*$!
{
	archiveVersion = 1;
	classes = {
	};
	objectVersion = 46;
	objects = {

/* Begin PBXBuildFile section */
		B40DD5B31C4C44890001A4C4 /* main.m in Sources */ = {isa = PBXBuildFile; fileRef = B40DD5B21C4C44890001A4C4 /* main.m */; };
		B40DD5B61C4C44890001A4C4 /* AppDelegate.m in Sources */ = {isa = PBXBuildFile; fileRef = B40DD5B51C4C44890001A4C4 /* AppDelegate.m */; };
		B40DD5B91C4C44890001A4C4 /* ViewController.m in Sources */ = {isa = PBXBuildFile; fileRef = B40DD5B81C4C44890001A4C4 /* ViewController.m */; };
		B40DD5BC1C4C44890001A4C4 /* Main.storyboard in Resources */ = {isa = PBXBuildFile; fileRef = B40DD5BA1C4C44890001A4C4 /* Main.storyboard */; };
		B40DD5BE1C4C44890001A4C4 /* Assets.xcassets in Resources */ = {isa = PBXBuildFile; fileRef = B40DD5BD1C4C44890001A4C4 /* Assets.xcassets */; };
		B40DD5C11C4C44890001A4C4 /* LaunchScreen.storyboard in Resources */ = {isa = PBXBuildFile; fileRef = B40DD5BF1C4C44890001A4C4 /* LaunchScreen.storyboard */; };
/* End PBXBuildFile section */

/* Begin PBXFileReference section */
		B40DD5AE1C4C44880001A4C4 /* aa.app */ = {isa = PBXFileReference; explicitFileType = wrapper.application; includeInIndex = 0; path = aa.app; sourceTree = BUILT_PRODUCTS_DIR; };
		B40DD5B21C4C44890001A4C4 /* main.m */ = {isa = PBXFileReference; lastKnownFileType = sourcecode.c.objc; path = main.m; sourceTree = "<group>"; };
		B40DD5B41C4C44890001A4C4 /* AppDelegate.h */ = {isa = PBXFileReference; lastKnownFileType = sourcecode.c.h; path = AppDelegate.h; sourceTree = "<group>"; };
		B40DD5B51C4C44890001A4C4 /* AppDelegate.m */ = {isa = PBXFileReference; lastKnownFileType = sourcecode.c.objc; path = AppDelegate.m; sourceTree = "<group>"; };
		B40DD5B71C4C44890001A4C4 /* ViewController.h */ = {isa = PBXFileReference; lastKnownFileType = sourcecode.c.h; path = ViewController.h; sourceTree = "<group>"; };
		B40DD5B81C4C44890001A4C4 /* ViewController.m */ = {isa = PBXFileReference; lastKnownFileType = sourcecode.c.objc; path = ViewController.m; sourceTree = "<group>"; };
		B40DD5BB1C4C44890001A4C4 /* Base */ = {isa = PBXFileReference; lastKnownFileType = file.storyboard; name = Base; path = Base.lproj/Main.storyboard; sourceTree = "<group>"; };
		B40DD5BD1C4C44890001A4C4 /* Assets.xcassets */ = {isa = PBXFileReference; lastKnownFileType = folder.assetcatalog; path = Assets.xcassets; sourceTree = "<group>"; };
		B40DD5C01C4C44890001A4C4 /* Base */ = {isa = PBXFileReference; lastKnownFileType = file.storyboard; name = Base; path = Base.lproj/LaunchScreen.storyboard; sourceTree = "<group>"; };
		B40DD5C21C4C44890001A4C4 /* Info.plist */ = {isa = PBXFileReference; lastKnownFileType = text.plist.xml; path = Info.plist; sourceTree = "<group>"; };
/* End PBXFileReference section */

/* Begin PBXFrameworksBuildPhase section */
		B40DD5AB1C4C44880001A4C4 /* Frameworks */ = {
			isa = PBXFrameworksBuildPhase;
			buildActionMask = 2147483647;
			files = (
			);
			runOnlyForDeploymentPostprocessing = 0;
		};
/* End PBXFrameworksBuildPhase section */

/* Begin PBXGroup section */
		B40DD5A51C4C44880001A4C4 = {
			isa = PBXGroup;
			children = (
				B40DD5B01C4C44880001A4C4 /* aa */,
				B40DD5AF1C4C44880001A4C4 /* Products */,
			);
			sourceTree = "<group>";
		};
		B40DD5AF1C4C44880001A4C4 /* Products */ = {
			isa = PBXGroup;
			children = (
				B40DD5AE1C4C44880001A4C4 /* aa.app */,
			);
			name = Products;
			sourceTree = "<group>";
		};
		B40DD5B01C4C44880001A4C4 /* aa */ = {
			isa = PBXGroup;
			children = (
				B40DD5B41C4C44890001A4C4 /* AppDelegate.h */,
				B40DD5B51C4C44890001A4C4 /* AppDelegate.m */,
				B40DD5B71C4C44890001A4C4 /* ViewController.h */,
				B40DD5B81C4C44890001A4C4 /* ViewController.m */,
				B40DD5BA1C4C44890001A4C4 /* Main.storyboard */,
				B40DD5BD1C4C44890001A4C4 /* Assets.xcassets */,
				B40DD5BF1C4C44890001A4C4 /* LaunchScreen.storyboard */,
				B40DD5C21C4C44890001A4C4 /* Info.plist */,
				B40DD5B11C4C44880001A4C4 /* Supporting Files */,
			);
			path = aa;
			sourceTree = "<group>";
		};
		B40DD5B11C4C44880001A4C4 /* Supporting Files */ = {
			isa = PBXGroup;
			children = (
				B40DD5B21C4C44890001A4C4 /* main.m */,
			);
			name = "Supporting Files";
			sourceTree = "<group>";
		};
/* End PBXGroup section */

/* Begin PBXNativeTarget section */
		B40DD5AD1C4C44880001A4C4 /* aa */ = {
			isa = PBXNativeTarget;
			buildConfigurationList = B40DD5C51C4C44890001A4C4 /* Build configuration list for PBXNativeTarget "aa" */;
			buildPhases = (
				B40DD5AA1C4C44880001A4C4 /* Sources */,
				B40DD5AB1C4C44880001A4C4 /* Frameworks */,
				B40DD5AC1C4C44880001A4C4 /* Resources */,
			);
			buildRules = (
			);
			dependencies = (
			);
			name = aa;
			productName = aa;
			productReference = B40DD5AE1C4C44880001A4C4 /* aa.app */;
			productType = "com.apple.product-type.application";
		};
/* End PBXNativeTarget section */

/* Begin PBXProject section */
		B40DD5A61C4C44880001A4C4 /* Project object */ = {
			isa = PBXProject;
			attributes = {
				LastUpgradeCheck = 0710;
				ORGANIZATIONNAME = KK;
				TargetAttributes = {
					B40DD5AD1C4C44880001A4C4 = {
						CreatedOnToolsVersion = 7.1;
					};
				};
			};
			buildConfigurationList = B40DD5A91C4C44880001A4C4 /* Build configuration list for PBXProject "aa" */;
			compatibilityVersion = "Xcode 3.2";
			developmentRegion = English;
			hasScannedForEncodings = 0;
			knownRegions = (
				en,
				Base,
			);
			mainGroup = B40DD5A51C4C44880001A4C4;
			productRefGroup = B40DD5AF1C4C44880001A4C4 /* Products */;
			projectDirPath = "";
			projectRoot = "";
			targets = (
				B40DD5AD1C4C44880001A4C4 /* aa */,
			);
		};
/* End PBXProject section */

/* Begin PBXResourcesBuildPhase section */
		B40DD5AC1C4C44880001A4C4 /* Resources */ = {
			isa = PBXResourcesBuildPhase;
			buildActionMask = 2147483647;
			files = (
				B40DD5C11C4C44890001A4C4 /* LaunchScreen.storyboard in Resources */,
				B40DD5BE1C4C44890001A4C4 /* Assets.xcassets in Resources */,
				B40DD5BC1C4C44890001A4C4 /* Main.storyboard in Resources */,
			);
			runOnlyForDeploymentPostprocessing = 0;
		};
/* End PBXResourcesBuildPhase section */

/* Begin PBXSourcesBuildPhase section */
		B40DD5AA1C4C44880001A4C4 /* Sources */ = {
			isa = PBXSourcesBuildPhase;
			buildActionMask = 2147483647;
			files = (
				B40DD5B91C4C44890001A4C4 /* ViewController.m in Sources */,
				B40DD5B61C4C44890001A4C4 /* AppDelegate.m in Sources */,
				B40DD5B31C4C44890001A4C4 /* main.m in Sources */,
			);
			runOnlyForDeploymentPostprocessing = 0;
		};
/* End PBXSourcesBuildPhase section */

/* Begin PBXVariantGroup section */
		B40DD5BA1C4C44890001A4C4 /* Main.storyboard */ = {
			isa = PBXVariantGroup;
			children = (
				B40DD5BB1C4C44890001A4C4 /* Base */,
			);
			name = Main.storyboard;
			sourceTree = "<group>";
		};
		B40DD5BF1C4C44890001A4C4 /* LaunchScreen.storyboard */ = {
			isa = PBXVariantGroup;
			children = (
				B40DD5C01C4C44890001A4C4 /* Base */,
			);
			name = LaunchScreen.storyboard;
			sourceTree = "<group>";
		};
/* End PBXVariantGroup section */

/* Begin XCBuildConfiguration section */
		B40DD5C31C4C44890001A4C4 /* Debug */ = {
			isa = XCBuildConfiguration;
			buildSettings = {
				ALWAYS_SEARCH_USER_PATHS = NO;
				CLANG_CXX_LANGUAGE_STANDARD = "gnu++0x";
				CLANG_CXX_LIBRARY = "libc++";
				CLANG_ENABLE_MODULES = YES;
				CLANG_ENABLE_OBJC_ARC = YES;
				CLANG_WARN_BOOL_CONVERSION = YES;
				CLANG_WARN_CONSTANT_CONVERSION = YES;
				CLANG_WARN_DIRECT_OBJC_ISA_USAGE = YES_ERROR;
				CLANG_WARN_EMPTY_BODY = YES;
				CLANG_WARN_ENUM_CONVERSION = YES;
				CLANG_WARN_INT_CONVERSION = YES;
				CLANG_WARN_OBJC_ROOT_CLASS = YES_ERROR;
				CLANG_WARN_UNREACHABLE_CODE = YES;
				CLANG_WARN__DUPLICATE_METHOD_MATCH = YES;
				"CODE_SIGN_IDENTITY[sdk=iphoneos*]" = "iPhone Developer";
				COPY_PHASE_STRIP = NO;
				DEBUG_INFORMATION_FORMAT = dwarf;
				ENABLE_STRICT_OBJC_MSGSEND = YES;
				ENABLE_TESTABILITY = YES;
				GCC_C_LANGUAGE_STANDARD = gnu99;
				GCC_DYNAMIC_NO_PIC = NO;
				GCC_NO_COMMON_BLOCKS = YES;
				GCC_OPTIMIZATION_LEVEL = 0;
				GCC_PREPROCESSOR_DEFINITIONS = (
					"DEBUG=1",
					"$(inherited)",
				);
				GCC_WARN_64_TO_32_BIT_CONVERSION = YES;
				GCC_WARN_ABOUT_RETURN_TYPE = YES_ERROR;
				GCC_WARN_UNDECLARED_SELECTOR = YES;
				GCC_WARN_UNINITIALIZED_AUTOS = YES_AGGRESSIVE;
				GCC_WARN_UNUSED_FUNCTION = YES;
				GCC_WARN_UNUSED_VARIABLE = YES;
				IPHONEOS_DEPLOYMENT_TARGET = 9.1;
				MTL_ENABLE_DEBUG_INFO = YES;
				ONLY_ACTIVE_ARCH = YES;
				SDKROOT = iphoneos;
			};
			name = Debug;
		};
		B40DD5C41C4C44890001A4C4 /* Release */ = {
			isa = XCBuildConfiguration;
			buildSettings = {
				ALWAYS_SEARCH_USER_PATHS = NO;
				CLANG_CXX_LANGUAGE_STANDARD = "gnu++0x";
				CLANG_CXX_LIBRARY = "libc++";
				CLANG_ENABLE_MODULES = YES;
				CLANG_ENABLE_OBJC_ARC = YES;
				CLANG_WARN_BOOL_CONVERSION = YES;
				CLANG_WARN_CONSTANT_CONVERSION = YES;
				CLANG_WARN_DIRECT_OBJC_ISA_USAGE = YES_ERROR;
				CLANG_WARN_EMPTY_BODY = YES;
				CLANG_WARN_ENUM_CONVERSION = YES;
				CLANG_WARN_INT_CONVERSION = YES;
				CLANG_WARN_OBJC_ROOT_CLASS = YES_ERROR;
				CLANG_WARN_UNREACHABLE_CODE = YES;
				CLANG_WARN__DUPLICATE_METHOD_MATCH = YES;
				"CODE_SIGN_IDENTITY[sdk=iphoneos*]" = "iPhone Developer";
				COPY_PHASE_STRIP = NO;
				DEBUG_INFORMATION_FORMAT = "dwarf-with-dsym";
				ENABLE_NS_ASSERTIONS = NO;
				ENABLE_STRICT_OBJC_MSGSEND = YES;
				GCC_C_LANGUAGE_STANDARD = gnu99;
				GCC_NO_COMMON_BLOCKS = YES;
				GCC_WARN_64_TO_32_BIT_CONVERSION = YES;
				GCC_WARN_ABOUT_RETURN_TYPE = YES_ERROR;
				GCC_WARN_UNDECLARED_SELECTOR = YES;
				GCC_WARN_UNINITIALIZED_AUTOS = YES_AGGRESSIVE;
				GCC_WARN_UNUSED_FUNCTION = YES;
				GCC_WARN_UNUSED_VARIABLE = YES;
				IPHONEOS_DEPLOYMENT_TARGET = 9.1;
				MTL_ENABLE_DEBUG_INFO = NO;
				SDKROOT = iphoneos;
				VALIDATE_PRODUCT = YES;
			};
			name = Release;
		};
		B40DD5C61C4C44890001A4C4 /* Debug */ = {
			isa = XCBuildConfiguration;
			buildSettings = {
				ASSETCATALOG_COMPILER_APPICON_NAME = AppIcon;
				INFOPLIST_FILE = aa/Info.plist;
				LD_RUNPATH_SEARCH_PATHS = "$(inherited) @executable_path/Frameworks";
				PRODUCT_BUNDLE_IDENTIFIER = com.ac.aa;
				PRODUCT_NAME = "$(TARGET_NAME)";
			};
			name = Debug;
		};
		B40DD5C71C4C44890001A4C4 /* Release */ = {
			isa = XCBuildConfiguration;
			buildSettings = {
				ASSETCATALOG_COMPILER_APPICON_NAME = AppIcon;
				INFOPLIST_FILE = aa/Info.plist;
				LD_RUNPATH_SEARCH_PATHS = "$(inherited) @executable_path/Frameworks";
				PRODUCT_BUNDLE_IDENTIFIER = com.ac.aa;
				PRODUCT_NAME = "$(TARGET_NAME)";
			};
			name = Release;
		};
/* End XCBuildConfiguration section */

/* Begin XCConfigurationList section */
		B40DD5A91C4C44880001A4C4 /* Build configuration list for PBXProject "aa" */ = {
			isa = XCConfigurationList;
			buildConfigurations = (
				B40DD5C31C4C44890001A4C4 /* Debug */,
				B40DD5C41C4C44890001A4C4 /* Release */,
			);
			defaultConfigurationIsVisible = 0;
			defaultConfigurationName = Release;
		};
		B40DD5C51C4C44890001A4C4 /* Build configuration list for PBXNativeTarget "aa" */ = {
			isa = XCConfigurationList;
			buildConfigurations = (
				B40DD5C61C4C44890001A4C4 /* Debug */,
				B40DD5C71C4C44890001A4C4 /* Release */,
			);
			defaultConfigurationIsVisible = 0;
		};
/* End XCConfigurationList section */
	};
	rootObject = B40DD5A61C4C44880001A4C4 /* Project object */;
}
